
Microsoft Visual Studio Solution File, Format Version 12.00
# Visual Studio Version 17
VisualStudioVersion = 17.1.32210.238
MinimumVisualStudioVersion = 10.0.40219.1
Project("{FAE04EC0-301F-11D3-BF4B-00C04F79EFBC}") = "API-Whisperer", "API-Whisperer\API-Whisperer.csproj", "{D012F5E5-22F1-426B-8F0A-1402FED6C979}"
EndProject
Project("{FAE04EC0-301F-11D3-BF4B-00C04F79EFBC}") = "Whisper-Tests", "Whisper-Tests\Whisper-Tests.csproj", "{A3848267-705A-4A20-AE61-8EA5B95130F3}"
EndProject
Global
	GlobalSection(SolutionConfigurationPlatforms) = preSolution
		Debug|Any CPU = Debug|Any CPU
		Release|Any CPU = Release|Any CPU
	EndGlobalSection
	GlobalSection(ProjectConfigurationPlatforms) = postSolution
		{D012F5E5-22F1-426B-8F0A-1402FED6C979}.Debug|Any CPU.ActiveCfg = Debug|Any CPU
		{D012F5E5-22F1-426B-8F0A-1402FED6C979}.Debug|Any CPU.Build.0 = Debug|Any CPU
		{D012F5E5-22F1-426B-8F0A-1402FED6C979}.Release|Any CPU.ActiveCfg = Release|Any CPU
		{D012F5E5-22F1-426B-8F0A-1402FED6C979}.Release|Any CPU.Build.0 = Release|Any CPU
		{A3848267-705A-4A20-AE61-8EA5B95130F3}.Debug|Any CPU.ActiveCfg = Debug|Any CPU
		{A3848267-705A-4A20-AE61-8EA5B95130F3}.Debug|Any CPU.Build.0 = Debug|Any CPU
		{A3848267-705A-4A20-AE61-8EA5B95130F3}.Release|Any CPU.ActiveCfg = Release|Any CPU
		{A3848267-705A-4A20-AE61-8EA5B95130F3}.Release|Any CPU.Build.0 = Release|Any CPU
	EndGlobalSection
	GlobalSection(SolutionProperties) = preSolution
		HideSolutionNode = FALSE
	EndGlobalSection
	GlobalSection(ExtensibilityGlobals) = postSolution
		SolutionGuid = {B52374AC-5869-45DA-8EF5-52BDA6B7258A}
	EndGlobalSection
EndGlobal
